
Microsoft Visual Studio Solution File, Format Version 12.00
# Visual Studio Version 17
VisualStudioVersion = 17.1.32210.238
MinimumVisualStudioVersion = 10.0.40219.1
Project("{2150E333-8FDC-42A3-9474-1A3956D46DE8}") = "Solution Items", "Solution Items", "{7C65A2B3-FFC5-48A5-899B-37E74EA35EBC}"
	ProjectSection(SolutionItems) = preProject
		..\.gitignore = ..\.gitignore
		README.md = README.md
	EndProjectSection
EndProject
Project("{9A19103F-16F7-4668-BE54-9A1E7A4F7556}") = "Peernet.Browser.Plugins.MediaPlayer", "Peernet.Browser.Plugins.MediaPlayer\Peernet.Browser.Plugins.MediaPlayer.csproj", "{EDC5F6D5-22BD-4649-B603-322F2A25C01D}"
EndProject
Project("{9A19103F-16F7-4668-BE54-9A1E7A4F7556}") = "Peernet.Browser.Plugins.TextViewer", "Peernet.Browser.Plugins.TextViewer\Peernet.Browser.Plugins.TextViewer.csproj", "{70CA1346-A92F-4CF3-9686-51DF54F266BA}"
EndProject
Project("{9A19103F-16F7-4668-BE54-9A1E7A4F7556}") = "Peernet.Browser.Plugins.ImageViewer", "Peernet.Browser.Plugins.ImageViewer\Peernet.Browser.Plugins.ImageViewer.csproj", "{10FB19B5-1E7A-452A-A8CD-594ED2492FCC}"
EndProject
Project("{9A19103F-16F7-4668-BE54-9A1E7A4F7556}") = "Peernet.Browser.Plugins.ByteViewer", "Peernet.Browser.Plugins.ByteViewer\Peernet.Browser.Plugins.ByteViewer.csproj", "{42B56A80-2256-47B9-A2CB-A4B2AFD78310}"
EndProject
Project("{9A19103F-16F7-4668-BE54-9A1E7A4F7556}") = "Peernet.Browser.Plugins.HTMLViewer", "Peernet.Browser.Plugins.HTMLViewer\Peernet.Browser.Plugins.HTMLViewer.csproj", "{FC606416-2650-459D-82CE-5BE9EDE4F23D}"
EndProject
Project("{9A19103F-16F7-4668-BE54-9A1E7A4F7556}") = "Peernet.Browser.Plugins.PDFViewer", "Peernet.Browser.Plugins.PDFViewer\Peernet.Browser.Plugins.PDFViewer.csproj", "{1C17490E-F7E5-4249-8077-3C4C6DB63A90}"
EndProject
Project("{9A19103F-16F7-4668-BE54-9A1E7A4F7556}") = "Peernet.Browser.Plugins.ExcelViewer", "Peernet.Browser.Plugins.ExcelViewer\Peernet.Browser.Plugins.ExcelViewer.csproj", "{AE9D9C8B-F6B8-4783-AB52-6A202427FA48}"
EndProject
Project("{9A19103F-16F7-4668-BE54-9A1E7A4F7556}") = "Peernet.Browser.Plugins.WordViewer", "Peernet.Browser.Plugins.WordViewer\Peernet.Browser.Plugins.WordViewer.csproj", "{CB44FC16-708C-4F50-819E-A06A18AA7669}"
EndProject
Global
	GlobalSection(SolutionConfigurationPlatforms) = preSolution
		Debug|Any CPU = Debug|Any CPU
		Release|Any CPU = Release|Any CPU
	EndGlobalSection
	GlobalSection(ProjectConfigurationPlatforms) = postSolution
		{EDC5F6D5-22BD-4649-B603-322F2A25C01D}.Debug|Any CPU.ActiveCfg = Debug|Any CPU
		{EDC5F6D5-22BD-4649-B603-322F2A25C01D}.Debug|Any CPU.Build.0 = Debug|Any CPU
		{EDC5F6D5-22BD-4649-B603-322F2A25C01D}.Release|Any CPU.ActiveCfg = Release|Any CPU
		{EDC5F6D5-22BD-4649-B603-322F2A25C01D}.Release|Any CPU.Build.0 = Release|Any CPU
		{70CA1346-A92F-4CF3-9686-51DF54F266BA}.Debug|Any CPU.ActiveCfg = Debug|Any CPU
		{70CA1346-A92F-4CF3-9686-51DF54F266BA}.Debug|Any CPU.Build.0 = Debug|Any CPU
		{70CA1346-A92F-4CF3-9686-51DF54F266BA}.Release|Any CPU.ActiveCfg = Release|Any CPU
		{70CA1346-A92F-4CF3-9686-51DF54F266BA}.Release|Any CPU.Build.0 = Release|Any CPU
		{10FB19B5-1E7A-452A-A8CD-594ED2492FCC}.Debug|Any CPU.ActiveCfg = Debug|Any CPU
		{10FB19B5-1E7A-452A-A8CD-594ED2492FCC}.Debug|Any CPU.Build.0 = Debug|Any CPU
		{10FB19B5-1E7A-452A-A8CD-594ED2492FCC}.Release|Any CPU.ActiveCfg = Release|Any CPU
		{10FB19B5-1E7A-452A-A8CD-594ED2492FCC}.Release|Any CPU.Build.0 = Release|Any CPU
		{42B56A80-2256-47B9-A2CB-A4B2AFD78310}.Debug|Any CPU.ActiveCfg = Debug|Any CPU
		{42B56A80-2256-47B9-A2CB-A4B2AFD78310}.Debug|Any CPU.Build.0 = Debug|Any CPU
		{42B56A80-2256-47B9-A2CB-A4B2AFD78310}.Release|Any CPU.ActiveCfg = Release|Any CPU
		{42B56A80-2256-47B9-A2CB-A4B2AFD78310}.Release|Any CPU.Build.0 = Release|Any CPU
		{FC606416-2650-459D-82CE-5BE9EDE4F23D}.Debug|Any CPU.ActiveCfg = Debug|Any CPU
		{FC606416-2650-459D-82CE-5BE9EDE4F23D}.Debug|Any CPU.Build.0 = Debug|Any CPU
		{FC606416-2650-459D-82CE-5BE9EDE4F23D}.Release|Any CPU.ActiveCfg = Release|Any CPU
		{FC606416-2650-459D-82CE-5BE9EDE4F23D}.Release|Any CPU.Build.0 = Release|Any CPU
		{1C17490E-F7E5-4249-8077-3C4C6DB63A90}.Debug|Any CPU.ActiveCfg = Debug|Any CPU
		{1C17490E-F7E5-4249-8077-3C4C6DB63A90}.Debug|Any CPU.Build.0 = Debug|Any CPU
		{1C17490E-F7E5-4249-8077-3C4C6DB63A90}.Release|Any CPU.ActiveCfg = Release|Any CPU
		{1C17490E-F7E5-4249-8077-3C4C6DB63A90}.Release|Any CPU.Build.0 = Release|Any CPU
		{AE9D9C8B-F6B8-4783-AB52-6A202427FA48}.Debug|Any CPU.ActiveCfg = Debug|Any CPU
		{AE9D9C8B-F6B8-4783-AB52-6A202427FA48}.Debug|Any CPU.Build.0 = Debug|Any CPU
		{AE9D9C8B-F6B8-4783-AB52-6A202427FA48}.Release|Any CPU.ActiveCfg = Release|Any CPU
		{AE9D9C8B-F6B8-4783-AB52-6A202427FA48}.Release|Any CPU.Build.0 = Release|Any CPU
		{CB44FC16-708C-4F50-819E-A06A18AA7669}.Debug|Any CPU.ActiveCfg = Debug|Any CPU
		{CB44FC16-708C-4F50-819E-A06A18AA7669}.Debug|Any CPU.Build.0 = Debug|Any CPU
		{CB44FC16-708C-4F50-819E-A06A18AA7669}.Release|Any CPU.ActiveCfg = Release|Any CPU
		{CB44FC16-708C-4F50-819E-A06A18AA7669}.Release|Any CPU.Build.0 = Release|Any CPU
	EndGlobalSection
	GlobalSection(SolutionProperties) = preSolution
		HideSolutionNode = FALSE
	EndGlobalSection
	GlobalSection(ExtensibilityGlobals) = postSolution
		SolutionGuid = {FB6917F4-A7AF-4A3F-BFAC-1C250AA21CE0}
	EndGlobalSection
EndGlobal
